
Microsoft Visual Studio Solution File, Format Version 12.00
# Visual Studio 15
VisualStudioVersion = 15.0.28307.902
MinimumVisualStudioVersion = 10.0.40219.1
Project("{FAE04EC0-301F-11D3-BF4B-00C04F79EFBC}") = "Counter", "Counter\Counter.csproj", "{0F5C4827-F0DA-413E-B59C-072C4DA2A656}"
EndProject
Global
	GlobalSection(SolutionConfigurationPlatforms) = preSolution
		Debug|Any CPU = Debug|Any CPU
		Release|Any CPU = Release|Any CPU
	EndGlobalSection
	GlobalSection(ProjectConfigurationPlatforms) = postSolution
		{0F5C4827-F0DA-413E-B59C-072C4DA2A656}.Debug|Any CPU.ActiveCfg = Debug|Any CPU
		{0F5C4827-F0DA-413E-B59C-072C4DA2A656}.Debug|Any CPU.Build.0 = Debug|Any CPU
		{0F5C4827-F0DA-413E-B59C-072C4DA2A656}.Release|Any CPU.ActiveCfg = Release|Any CPU
		{0F5C4827-F0DA-413E-B59C-072C4DA2A656}.Release|Any CPU.Build.0 = Release|Any CPU
	EndGlobalSection
	GlobalSection(SolutionProperties) = preSolution
		HideSolutionNode = FALSE
	EndGlobalSection
	GlobalSection(ExtensibilityGlobals) = postSolution
		SolutionGuid = {5AAA14A1-2688-4309-A129-8BEE7DFB09B6}
	EndGlobalSection
EndGlobal
